{
  "name": "fastify-request-language",
  "version": "1.0.0",
  "lockfileVersion": 1,
  "requires": true,
  "dependencies": {
    "accept-language": {
      "version": "3.0.18",
      "resolved": "https://registry.npmjs.org/accept-language/-/accept-language-3.0.18.tgz",
      "integrity": "sha1-9QJfF79lpGaoRYOMz5jNuHfYM4Q=",
      "requires": {
        "bcp47": "^1.1.2",
        "stable": "^0.1.6"
      }
    },
    "bcp47": {
      "version": "1.1.2",
      "resolved": "https://registry.npmjs.org/bcp47/-/bcp47-1.1.2.tgz",
      "integrity": "sha1-NUvjMH/9CEM6ePXh4glYRfifx/4="
    },
    "stable": {
      "version": "0.1.8",
      "resolved": "https://registry.npmjs.org/stable/-/stable-0.1.8.tgz",
      "integrity": "sha512-ji9qxRnOVfcuLDySj9qzhGSEFVobyt1kIOSkj1qZzYLzq7Tos/oUUWvotUPQLlrsidqsK6tBH89Bc9kL5zHA6w=="
    }
  }
}
